{
  "name": "babel-preset-techno-babel",
  "version": "1.2.3",
  "lockfileVersion": 1,
  "requires": true,
  "dependencies": {
    "@babel/helper-plugin-utils": {
      "version": "7.0.0",
      "resolved": "https://registry.npmjs.org/@babel/helper-plugin-utils/-/helper-plugin-utils-7.0.0.tgz",
      "integrity": "sha512-CYAOUCARwExnEixLdB6sDm2dIJ/YgEAKDM1MOeMeZu9Ld/bDgVo8aiWrXwcY7OBh+1Ea2uUcVRcxKk0GJvW7QA=="
    },
    "@babel/plugin-proposal-do-expressions": {
      "version": "7.0.0",
      "resolved": "https://registry.npmjs.org/@babel/plugin-proposal-do-expressions/-/plugin-proposal-do-expressions-7.0.0.tgz",
      "integrity": "sha512-fIXsLAsQ5gVhQF44wZ9Yc3EBxaCHzeNjd8z9ivEzKOQyv5VoU1YJQ3AZa0VJgQMX5k/cbXJpNwp2mtg7iSdiGg==",
      "requires": {
        "@babel/helper-plugin-utils": "^7.0.0",
        "@babel/plugin-syntax-do-expressions": "^7.0.0"
      }
    },
    "@babel/plugin-proposal-export-default-from": {
      "version": "7.0.0",
      "resolved": "https://registry.npmjs.org/@babel/plugin-proposal-export-default-from/-/plugin-proposal-export-default-from-7.0.0.tgz",
      "integrity": "sha512-cWhkx6SyjZ4caFOanoPmDNgQCuYYTmou4QXy886JsyLTw/vhWQbop2gLKsWyyswrJkKTB7fSNxVYbP/oEsoySA==",
      "requires": {
        "@babel/helper-plugin-utils": "^7.0.0",
        "@babel/plugin-syntax-export-default-from": "^7.0.0"
      }
    },
    "@babel/plugin-proposal-logical-assignment-operators": {
      "version": "7.0.0",
      "resolved": "https://registry.npmjs.org/@babel/plugin-proposal-logical-assignment-operators/-/plugin-proposal-logical-assignment-operators-7.0.0.tgz",
      "integrity": "sha512-06osaVN0bKEIXvzScf6qPpbDUEP4sixqVdjwpSPPwEtMyDC+x8PDvcJCww6p6TDOTIHnuUx2Afmguf/RypKDIw==",
      "requires": {
        "@babel/helper-plugin-utils": "^7.0.0",
        "@babel/plugin-syntax-logical-assignment-operators": "^7.0.0"
      }
    },
    "@babel/plugin-proposal-nullish-coalescing-operator": {
      "version": "7.0.0",
      "resolved": "https://registry.npmjs.org/@babel/plugin-proposal-nullish-coalescing-operator/-/plugin-proposal-nullish-coalescing-operator-7.0.0.tgz",
      "integrity": "sha512-QIN3UFo1ul4ruAsjIqK43PeXedo1qY74zeGrODJl1KfCGeMc6qJC4rb5Ylml/smzxibqsDeVZGH+TmWHCldRQQ==",
      "requires": {
        "@babel/helper-plugin-utils": "^7.0.0",
        "@babel/plugin-syntax-nullish-coalescing-operator": "^7.0.0"
      }
    },
    "@babel/plugin-proposal-numeric-separator": {
      "version": "7.0.0",
      "resolved": "https://registry.npmjs.org/@babel/plugin-proposal-numeric-separator/-/plugin-proposal-numeric-separator-7.0.0.tgz",
      "integrity": "sha512-m4iDNpbBv2rTxxgViAeaqLOStc2wrlVAC5ifp6pjBPG29F56LdlPgf5CQYzj99y3kYeKqsyf/dcMx/r+QfwMZg==",
      "requires": {
        "@babel/helper-plugin-utils": "^7.0.0",
        "@babel/plugin-syntax-numeric-separator": "^7.0.0"
      }
    },
    "@babel/plugin-proposal-optional-chaining": {
      "version": "7.0.0",
      "resolved": "https://registry.npmjs.org/@babel/plugin-proposal-optional-chaining/-/plugin-proposal-optional-chaining-7.0.0.tgz",
      "integrity": "sha512-7x8HLa71OzNiofbQUVakS0Kmg++6a+cXNfS7QKHbbv03SuSaumJyaWsfNgw+T7aqrJlqurYpZqrkPgXu0iZK0w==",
      "requires": {
        "@babel/helper-plugin-utils": "^7.0.0",
        "@babel/plugin-syntax-optional-chaining": "^7.0.0"
      }
    },
    "@babel/plugin-proposal-pipeline-operator": {
      "version": "7.0.0",
      "resolved": "https://registry.npmjs.org/@babel/plugin-proposal-pipeline-operator/-/plugin-proposal-pipeline-operator-7.0.0.tgz",
      "integrity": "sha512-MN189PDyTMoor/YFh9dk6HpSZLMGHCXRdAhgmzshwcalbgYh5Mkn7Ib17lOo6fmLwHdyQ4GR4yagizfeR2LwQQ==",
      "requires": {
        "@babel/helper-plugin-utils": "^7.0.0",
        "@babel/plugin-syntax-pipeline-operator": "^7.0.0"
      }
    },
    "@babel/plugin-syntax-do-expressions": {
      "version": "7.0.0",
      "resolved": "https://registry.npmjs.org/@babel/plugin-syntax-do-expressions/-/plugin-syntax-do-expressions-7.0.0.tgz",
      "integrity": "sha512-ZN5MO2WuYfznTK0/TRlF9qG+pBGV/bY5CRO9/a00XEGvaU31JAewRbYaZrySDw6kwSdtPG76yk9jZdPrEC3jWg==",
      "requires": {
        "@babel/helper-plugin-utils": "^7.0.0"
      }
    },
    "@babel/plugin-syntax-export-default-from": {
      "version": "7.0.0",
      "resolved": "https://registry.npmjs.org/@babel/plugin-syntax-export-default-from/-/plugin-syntax-export-default-from-7.0.0.tgz",
      "integrity": "sha512-HNnjg/fFFbnuLAqr/Ocp1Y3GB4AjmXcu1xxn3ql3bS2kGrB/qi+Povshb8i3hOkE5jNozzh8r/0/lq1w8oOWbQ==",
      "requires": {
        "@babel/helper-plugin-utils": "^7.0.0"
      }
    },
    "@babel/plugin-syntax-logical-assignment-operators": {
      "version": "7.0.0",
      "resolved": "https://registry.npmjs.org/@babel/plugin-syntax-logical-assignment-operators/-/plugin-syntax-logical-assignment-operators-7.0.0.tgz",
      "integrity": "sha512-eOcVPYWpdReMfxHZIBRjC5wlB8iU7kM6eQyst0kK6SwUPmpYNKyB4rJdf0HTeUEOSRqdlH6uMiLAzReA0qDGLQ==",
      "requires": {
        "@babel/helper-plugin-utils": "^7.0.0"
      }
    },
    "@babel/plugin-syntax-nullish-coalescing-operator": {
      "version": "7.0.0",
      "resolved": "https://registry.npmjs.org/@babel/plugin-syntax-nullish-coalescing-operator/-/plugin-syntax-nullish-coalescing-operator-7.0.0.tgz",
      "integrity": "sha512-oAJmMsAvTSIk9y0sZdU2S/nY44PEUuHN7EzNDMgbuR4e/OwyfR9lSmoBJBZ2lslFZIqhksrTt4i+av7uKfNYDw==",
      "requires": {
        "@babel/helper-plugin-utils": "^7.0.0"
      }
    },
    "@babel/plugin-syntax-numeric-separator": {
      "version": "7.0.0",
      "resolved": "https://registry.npmjs.org/@babel/plugin-syntax-numeric-separator/-/plugin-syntax-numeric-separator-7.0.0.tgz",
      "integrity": "sha512-t9RMUPWsFXVeUZxEOhIDkVqYLi1sWOTjxFBAp8wJtaARilvkGlEQvSObd2W5YKicDktINI9XmdV0sB2FZaLOpw==",
      "requires": {
        "@babel/helper-plugin-utils": "^7.0.0"
      }
    },
    "@babel/plugin-syntax-optional-chaining": {
      "version": "7.0.0",
      "resolved": "https://registry.npmjs.org/@babel/plugin-syntax-optional-chaining/-/plugin-syntax-optional-chaining-7.0.0.tgz",
      "integrity": "sha512-QXedQsZf8yua1nNrXSePT0TsGSQH9A1iK08m9dhCMdZeJaaxYcQfXdgHWVV6Cp7WE/afPVvSKIsAHK5wP+yxDA==",
      "requires": {
        "@babel/helper-plugin-utils": "^7.0.0"
      }
    },
    "@babel/plugin-syntax-pipeline-operator": {
      "version": "7.0.0",
      "resolved": "https://registry.npmjs.org/@babel/plugin-syntax-pipeline-operator/-/plugin-syntax-pipeline-operator-7.0.0.tgz",
      "integrity": "sha512-McK1JV4klGq2r0UZ1SLE2u+u37ElArBcPMGl6JizdgEXD3ttp0dpOB5ZpqpeRHkIgnl46th64UHrFDteQ4P5aw==",
      "requires": {
        "@babel/helper-plugin-utils": "^7.0.0"
      }
    },
    "babel-plugin-implicit-function": {
      "version": "0.1.1",
      "resolved": "https://registry.npmjs.org/babel-plugin-implicit-function/-/babel-plugin-implicit-function-0.1.1.tgz",
      "integrity": "sha1-l5MB5YOsBLthSF2m5kgzXvaVC8M="
    },
    "babel-plugin-partial-application": {
      "version": "1.6.2",
      "resolved": "https://registry.npmjs.org/babel-plugin-partial-application/-/babel-plugin-partial-application-1.6.2.tgz",
      "integrity": "sha512-+OcDwLOcRNe/4xYzkhwf9YkdWpqqmqm3QQpzkhitT3GzlSGLkTGn2piz03q4CHUd7whPphWRQxfDR0lL+AxBjw=="
    }
  }
}
